
Microsoft Visual Studio Solution File, Format Version 12.00
# Visual Studio Version 17
VisualStudioVersion = 17.3.32825.248
MinimumVisualStudioVersion = 10.0.40219.1
Project("{FAE04EC0-301F-11D3-BF4B-00C04F79EFBC}") = "Jokes Web App", "Jokes Web App\Jokes Web App.csproj", "{5801A024-EC23-490C-A6D3-E3D6A0B20888}"
EndProject
Global
	GlobalSection(SolutionConfigurationPlatforms) = preSolution
		Debug|Any CPU = Debug|Any CPU
		Release|Any CPU = Release|Any CPU
	EndGlobalSection
	GlobalSection(ProjectConfigurationPlatforms) = postSolution
		{5801A024-EC23-490C-A6D3-E3D6A0B20888}.Debug|Any CPU.ActiveCfg = Debug|Any CPU
		{5801A024-EC23-490C-A6D3-E3D6A0B20888}.Debug|Any CPU.Build.0 = Debug|Any CPU
		{5801A024-EC23-490C-A6D3-E3D6A0B20888}.Release|Any CPU.ActiveCfg = Release|Any CPU
		{5801A024-EC23-490C-A6D3-E3D6A0B20888}.Release|Any CPU.Build.0 = Release|Any CPU
	EndGlobalSection
	GlobalSection(SolutionProperties) = preSolution
		HideSolutionNode = FALSE
	EndGlobalSection
	GlobalSection(ExtensibilityGlobals) = postSolution
		SolutionGuid = {9239AB95-50A0-486D-9D0F-06ADF2132ED0}
	EndGlobalSection
EndGlobal
